
Microsoft Visual Studio Solution File, Format Version 12.00
# Visual Studio Version 17
VisualStudioVersion = 17.14.36414.22 d17.14
MinimumVisualStudioVersion = 10.0.40219.1
Project("{FAE04EC0-301F-11D3-BF4B-00C04F79EFBC}") = "ProductCRUD", "ProductCRUD\ProductCRUD.csproj", "{D0420AFA-99D7-4F6A-94F8-7CCBBF5D5351}"
EndProject
Global
	GlobalSection(SolutionConfigurationPlatforms) = preSolution
		Debug|Any CPU = Debug|Any CPU
		Release|Any CPU = Release|Any CPU
	EndGlobalSection
	GlobalSection(ProjectConfigurationPlatforms) = postSolution
		{D0420AFA-99D7-4F6A-94F8-7CCBBF5D5351}.Debug|Any CPU.ActiveCfg = Debug|Any CPU
		{D0420AFA-99D7-4F6A-94F8-7CCBBF5D5351}.Debug|Any CPU.Build.0 = Debug|Any CPU
		{D0420AFA-99D7-4F6A-94F8-7CCBBF5D5351}.Release|Any CPU.ActiveCfg = Release|Any CPU
		{D0420AFA-99D7-4F6A-94F8-7CCBBF5D5351}.Release|Any CPU.Build.0 = Release|Any CPU
	EndGlobalSection
	GlobalSection(SolutionProperties) = preSolution
		HideSolutionNode = FALSE
	EndGlobalSection
	GlobalSection(ExtensibilityGlobals) = postSolution
		SolutionGuid = {5933F456-6DD4-4534-8C80-E9BC50346278}
	EndGlobalSection
EndGlobal
